github.com/imfing/hextra v0.12.1 h1:3t1n0bmJbDzSTVfht93UDcfF1BXMRjeFojA071ri2l8=
github.com/imfing/hextra v0.12.1/go.mod h1:vi+yhpq8YPp/aghvJlNKVnJKcPJ/VyAEcfC1BSV9ARo=
github.com/imfing/hextra v0.12.2 h1:qa+cHQ1LC/7ys9EhRNnHrRBAHu83Tm8rhh1oWO2a7cc=
github.com/imfing/hextra v0.12.2/go.mod h1:vi+yhpq8YPp/aghvJlNKVnJKcPJ/VyAEcfC1BSV9ARo=
github.com/imfing/hextra v0.12.3-0.20260420231658-afc7a99abc6e h1:KjmAbFSYmt9X70Muj8BlaHgem9k8pU2/uEqkKfcPljc=
github.com/imfing/hextra v0.12.3-0.20260420231658-afc7a99abc6e/go.mod h1:vi+yhpq8YPp/aghvJlNKVnJKcPJ/VyAEcfC1BSV9ARo=
